// !$*UTF8*$!
{
	archiveVersion = 1;
	classes = {
	};
	objectVersion = 56;
	objects = {

/* Begin PBXBuildFile section */
		DC542F952A987DF4007CD791 /* preworkApp.swift in Sources */ = {isa = PBXBuildFile; fileRef = DC542F942A987DF4007CD791 /* preworkApp.swift */; };
		DC542F972A987DF4007CD791 /* ContentView.swift in Sources */ = {isa = PBXBuildFile; fileRef = DC542F962A987DF4007CD791 /* ContentView.swift */; };
		DC542F992A987DF5007CD791 /* Assets.xcassets in Resources */ = {isa = PBXBuildFile; fileRef = DC542F982A987DF5007CD791 /* Assets.xcassets */; };
		DC542F9C2A987DF5007CD791 /* Preview Assets.xcassets in Resources */ = {isa = PBXBuildFile; fileRef = DC542F9B2A987DF5007CD791 /* Preview Assets.xcassets */; };
		DC542FA62A987DF6007CD791 /* preworkTests.swift in Sources */ = {isa = PBXBuildFile; fileRef = DC542FA52A987DF6007CD791 /* preworkTests.swift */; };
		DC542FB02A987DF6007CD791 /* preworkUITests.swift in Sources */ = {isa = PBXBuildFile; fileRef = DC542FAF2A987DF6007CD791 /* preworkUITests.swift */; };
		DC542FB22A987DF6007CD791 /* preworkUITestsLaunchTests.swift in Sources */ = {isa = PBXBuildFile; fileRef = DC542FB12A987DF6007CD791 /* preworkUITestsLaunchTests.swift */; };
/* End PBXBuildFile section */

/* Begin PBXContainerItemProxy section */
		DC542FA22A987DF6007CD791 /* PBXContainerItemProxy */ = {
			isa = PBXContainerItemProxy;
			containerPortal = DC542F892A987DF3007CD791 /* Project object */;
			proxyType = 1;
			remoteGlobalIDString = DC542F902A987DF3007CD791;
			remoteInfo = prework;
		};
		DC542FAC2A987DF6007CD791 /* PBXContainerItemProxy */ = {
			isa = PBXContainerItemProxy;
			containerPortal = DC542F892A987DF3007CD791 /* Project object */;
			proxyType = 1;
			remoteGlobalIDString = DC542F902A987DF3007CD791;
			remoteInfo = prework;
		};
/* End PBXContainerItemProxy section */

/* Begin PBXFileReference section */
		DC542F912A987DF4007CD791 /* prework.app */ = {isa = PBXFileReference; explicitFileType = wrapper.application; includeInIndex = 0; path = prework.app; sourceTree = BUILT_PRODUCTS_DIR; };
		DC542F942A987DF4007CD791 /* preworkApp.swift */ = {isa = PBXFileReference; lastKnownFileType = sourcecode.swift; path = preworkApp.swift; sourceTree = "<group>"; };
		DC542F962A987DF4007CD791 /* ContentView.swift */ = {isa = PBXFileReference; lastKnownFileType = sourcecode.swift; path = ContentView.swift; sourceTree = "<group>"; };
		DC542F982A987DF5007CD791 /* Assets.xcassets */ = {isa = PBXFileReference; lastKnownFileType = folder.assetcatalog; path = Assets.xcassets; sourceTree = "<group>"; };
		DC542F9B2A987DF5007CD791 /* Preview Assets.xcassets */ = {isa = PBXFileReference; lastKnownFileType = folder.assetcatalog; path = "Preview Assets.xcassets"; sourceTree = "<group>"; };
		DC542FA12A987DF6007CD791 /* preworkTests.xctest */ = {isa = PBXFileReference; explicitFileType = wrapper.cfbundle; includeInIndex = 0; path = preworkTests.xctest; sourceTree = BUILT_PRODUCTS_DIR; };
		DC542FA52A987DF6007CD791 /* preworkTests.swift */ = {isa = PBXFileReference; lastKnownFileType = sourcecode.swift; path = preworkTests.swift; sourceTree = "<group>"; };
		DC542FAB2A987DF6007CD791 /* preworkUITests.xctest */ = {isa = PBXFileReference; explicitFileType = wrapper.cfbundle; includeInIndex = 0; path = preworkUITests.xctest; sourceTree = BUILT_PRODUCTS_DIR; };
		DC542FAF2A987DF6007CD791 /* preworkUITests.swift */ = {isa = PBXFileReference; lastKnownFileType = sourcecode.swift; path = preworkUITests.swift; sourceTree = "<group>"; };
		DC542FB12A987DF6007CD791 /* preworkUITestsLaunchTests.swift */ = {isa = PBXFileReference; lastKnownFileType = sourcecode.swift; path = preworkUITestsLaunchTests.swift; sourceTree = "<group>"; };
/* End PBXFileReference section */

/* Begin PBXFrameworksBuildPhase section */
		DC542F8E2A987DF3007CD791 /* Frameworks */ = {
			isa = PBXFrameworksBuildPhase;
			buildActionMask = 2147483647;
			files = (
			);
			runOnlyForDeploymentPostprocessing = 0;
		};
		DC542F9E2A987DF6007CD791 /* Frameworks */ = {
			isa = PBXFrameworksBuildPhase;
			buildActionMask = 2147483647;
			files = (
			);
			runOnlyForDeploymentPostprocessing = 0;
		};
		DC542FA82A987DF6007CD791 /* Frameworks */ = {
			isa = PBXFrameworksBuildPhase;
			buildActionMask = 2147483647;
			files = (
			);
			runOnlyForDeploymentPostprocessing = 0;
		};
/* End PBXFrameworksBuildPhase section */

/* Begin PBXGroup section */
		DC542F882A987DF3007CD791 = {
			isa = PBXGroup;
			children = (
				DC542F932A987DF4007CD791 /* prework */,
				DC542FA42A987DF6007CD791 /* preworkTests */,
				DC542FAE2A987DF6007CD791 /* preworkUITests */,
				DC542F922A987DF4007CD791 /* Products */,
			);
			sourceTree = "<group>";
		};
		DC542F922A987DF4007CD791 /* Products */ = {
			isa = PBXGroup;
			children = (
				DC542F912A987DF4007CD791 /* prework.app */,
				DC542FA12A987DF6007CD791 /* preworkTests.xctest */,
				DC542FAB2A987DF6007CD791 /* preworkUITests.xctest */,
			);
			name = Products;
			sourceTree = "<group>";
		};
		DC542F932A987DF4007CD791 /* prework */ = {
			isa = PBXGroup;
			children = (
				DC542F942A987DF4007CD791 /* preworkApp.swift */,
				DC542F962A987DF4007CD791 /* ContentView.swift */,
				DC542F982A987DF5007CD791 /* Assets.xcassets */,
				DC542F9A2A987DF5007CD791 /* Preview Content */,
			);
			path = prework;
			sourceTree = "<group>";
		};
		DC542F9A2A987DF5007CD791 /* Preview Content */ = {
			isa = PBXGroup;
			children = (
				DC542F9B2A987DF5007CD791 /* Preview Assets.xcassets */,
			);
			path = "Preview Content";
			sourceTree = "<group>";
		};
		DC542FA42A987DF6007CD791 /* preworkTests */ = {
			isa = PBXGroup;
			children = (
				DC542FA52A987DF6007CD791 /* preworkTests.swift */,
			);
			path = preworkTests;
			sourceTree = "<group>";
		};
		DC542FAE2A987DF6007CD791 /* preworkUITests */ = {
			isa = PBXGroup;
			children = (
				DC542FAF2A987DF6007CD791 /* preworkUITests.swift */,
				DC542FB12A987DF6007CD791 /* preworkUITestsLaunchTests.swift */,
			);
			path = preworkUITests;
			sourceTree = "<group>";
		};
/* End PBXGroup section */

/* Begin PBXNativeTarget section */
		DC542F902A987DF3007CD791 /* prework */ = {
			isa = PBXNativeTarget;
			buildConfigurationList = DC542FB52A987DF6007CD791 /* Build configuration list for PBXNativeTarget "prework" */;
			buildPhases = (
				DC542F8D2A987DF3007CD791 /* Sources */,
				DC542F8E2A987DF3007CD791 /* Frameworks */,
				DC542F8F2A987DF3007CD791 /* Resources */,
			);
			buildRules = (
			);
			dependencies = (
			);
			name = prework;
			productName = prework;
			productReference = DC542F912A987DF4007CD791 /* prework.app */;
			productType = "com.apple.product-type.application";
		};
		DC542FA02A987DF6007CD791 /* preworkTests */ = {
			isa = PBXNativeTarget;
			buildConfigurationList = DC542FB82A987DF6007CD791 /* Build configuration list for PBXNativeTarget "preworkTests" */;
			buildPhases = (
				DC542F9D2A987DF6007CD791 /* Sources */,
				DC542F9E2A987DF6007CD791 /* Frameworks */,
				DC542F9F2A987DF6007CD791 /* Resources */,
			);
			buildRules = (
			);
			dependencies = (
				DC542FA32A987DF6007CD791 /* PBXTargetDependency */,
			);
			name = preworkTests;
			productName = preworkTests;
			productReference = DC542FA12A987DF6007CD791 /* preworkTests.xctest */;
			productType = "com.apple.product-type.bundle.unit-test";
		};
		DC542FAA2A987DF6007CD791 /* preworkUITests */ = {
			isa = PBXNativeTarget;
			buildConfigurationList = DC542FBB2A987DF6007CD791 /* Build configuration list for PBXNativeTarget "preworkUITests" */;
			buildPhases = (
				DC542FA72A987DF6007CD791 /* Sources */,
				DC542FA82A987DF6007CD791 /* Frameworks */,
				DC542FA92A987DF6007CD791 /* Resources */,
			);
			buildRules = (
			);
			dependencies = (
				DC542FAD2A987DF6007CD791 /* PBXTargetDependency */,
			);
			name = preworkUITests;
			productName = preworkUITests;
			productReference = DC542FAB2A987DF6007CD791 /* preworkUITests.xctest */;
			productType = "com.apple.product-type.bundle.ui-testing";
		};
/* End PBXNativeTarget section */

/* Begin PBXProject section */
		DC542F892A987DF3007CD791 /* Project object */ = {
			isa = PBXProject;
			attributes = {
				BuildIndependentTargetsInParallel = 1;
				LastSwiftUpdateCheck = 1430;
				LastUpgradeCheck = 1430;
				TargetAttributes = {
					DC542F902A987DF3007CD791 = {
						CreatedOnToolsVersion = 14.3.1;
					};
					DC542FA02A987DF6007CD791 = {
						CreatedOnToolsVersion = 14.3.1;
						TestTargetID = DC542F902A987DF3007CD791;
					};
					DC542FAA2A987DF6007CD791 = {
						CreatedOnToolsVersion = 14.3.1;
						TestTargetID = DC542F902A987DF3007CD791;
					};
				};
			};
			buildConfigurationList = DC542F8C2A987DF3007CD791 /* Build configuration list for PBXProject "prework" */;
			compatibilityVersion = "Xcode 14.0";
			developmentRegion = en;
			hasScannedForEncodings = 0;
			knownRegions = (
				en,
				Base,
			);
			mainGroup = DC542F882A987DF3007CD791;
			productRefGroup = DC542F922A987DF4007CD791 /* Products */;
			projectDirPath = "";
			projectRoot = "";
			targets = (
				DC542F902A987DF3007CD791 /* prework */,
				DC542FA02A987DF6007CD791 /* preworkTests */,
				DC542FAA2A987DF6007CD791 /* preworkUITests */,
			);
		};
/* End PBXProject section */

/* Begin PBXResourcesBuildPhase section */
		DC542F8F2A987DF3007CD791 /* Resources */ = {
			isa = PBXResourcesBuildPhase;
			buildActionMask = 2147483647;
			files = (
				DC542F9C2A987DF5007CD791 /* Preview Assets.xcassets in Resources */,
				DC542F992A987DF5007CD791 /* Assets.xcassets in Resources */,
			);
			runOnlyForDeploymentPostprocessing = 0;
		};
		DC542F9F2A987DF6007CD791 /* Resources */ = {
			isa = PBXResourcesBuildPhase;
			buildActionMask = 2147483647;
			files = (
			);
			runOnlyForDeploymentPostprocessing = 0;
		};
		DC542FA92A987DF6007CD791 /* Resources */ = {
			isa = PBXResourcesBuildPhase;
			buildActionMask = 2147483647;
			files = (
			);
			runOnlyForDeploymentPostprocessing = 0;
		};
/* End PBXResourcesBuildPhase section */

/* Begin PBXSourcesBuildPhase section */
		DC542F8D2A987DF3007CD791 /* Sources */ = {
			isa = PBXSourcesBuildPhase;
			buildActionMask = 2147483647;
			files = (
				DC542F972A987DF4007CD791 /* ContentView.swift in Sources */,
				DC542F952A987DF4007CD791 /* preworkApp.swift in Sources */,
			);
			runOnlyForDeploymentPostprocessing = 0;
		};
		DC542F9D2A987DF6007CD791 /* Sources */ = {
			isa = PBXSourcesBuildPhase;
			buildActionMask = 2147483647;
			files = (
				DC542FA62A987DF6007CD791 /* preworkTests.swift in Sources */,
			);
			runOnlyForDeploymentPostprocessing = 0;
		};
		DC542FA72A987DF6007CD791 /* Sources */ = {
			isa = PBXSourcesBuildPhase;
			buildActionMask = 2147483647;
			files = (
				DC542FB02A987DF6007CD791 /* preworkUITests.swift in Sources */,
				DC542FB22A987DF6007CD791 /* preworkUITestsLaunchTests.swift in Sources */,
			);
			runOnlyForDeploymentPostprocessing = 0;
		};
/* End PBXSourcesBuildPhase section */

/* Begin PBXTargetDependency section */
		DC542FA32A987DF6007CD791 /* PBXTargetDependency */ = {
			isa = PBXTargetDependency;
			target = DC542F902A987DF3007CD791 /* prework */;
			targetProxy = DC542FA22A987DF6007CD791 /* PBXContainerItemProxy */;
		};
		DC542FAD2A987DF6007CD791 /* PBXTargetDependency */ = {
			isa = PBXTargetDependency;
			target = DC542F902A987DF3007CD791 /* prework */;
			targetProxy = DC542FAC2A987DF6007CD791 /* PBXContainerItemProxy */;
		};
/* End PBXTargetDependency section */

/* Begin XCBuildConfiguration section */
		DC542FB32A987DF6007CD791 /* Debug */ = {
			isa = XCBuildConfiguration;
			buildSettings = {
				ALWAYS_SEARCH_USER_PATHS = NO;
				CLANG_ANALYZER_NONNULL = YES;
				CLANG_ANALYZER_NUMBER_OBJECT_CONVERSION = YES_AGGRESSIVE;
				CLANG_CXX_LANGUAGE_STANDARD = "gnu++20";
				CLANG_ENABLE_MODULES = YES;
				CLANG_ENABLE_OBJC_ARC = YES;
				CLANG_ENABLE_OBJC_WEAK = YES;
				CLANG_WARN_BLOCK_CAPTURE_AUTORELEASING = YES;
				CLANG_WARN_BOOL_CONVERSION = YES;
				CLANG_WARN_COMMA = YES;
				CLANG_WARN_CONSTANT_CONVERSION = YES;
				CLANG_WARN_DEPRECATED_OBJC_IMPLEMENTATIONS = YES;
				CLANG_WARN_DIRECT_OBJC_ISA_USAGE = YES_ERROR;
				CLANG_WARN_DOCUMENTATION_COMMENTS = YES;
				CLANG_WARN_EMPTY_BODY = YES;
				CLANG_WARN_ENUM_CONVERSION = YES;
				CLANG_WARN_INFINITE_RECURSION = YES;
				CLANG_WARN_INT_CONVERSION = YES;
				CLANG_WARN_NON_LITERAL_NULL_CONVERSION = YES;
				CLANG_WARN_OBJC_IMPLICIT_RETAIN_SELF = YES;
				CLANG_WARN_OBJC_LITERAL_CONVERSION = YES;
				CLANG_WARN_OBJC_ROOT_CLASS = YES_ERROR;
				CLANG_WARN_QUOTED_INCLUDE_IN_FRAMEWORK_HEADER = YES;
				CLANG_WARN_RANGE_LOOP_ANALYSIS = YES;
				CLANG_WARN_STRICT_PROTOTYPES = YES;
				CLANG_WARN_SUSPICIOUS_MOVE = YES;
				CLANG_WARN_UNGUARDED_AVAILABILITY = YES_AGGRESSIVE;
				CLANG_WARN_UNREACHABLE_CODE = YES;
				CLANG_WARN__DUPLICATE_METHOD_MATCH = YES;
				COPY_PHASE_STRIP = NO;
				DEBUG_INFORMATION_FORMAT = dwarf;
				ENABLE_STRICT_OBJC_MSGSEND = YES;
				ENABLE_TESTABILITY = YES;
				GCC_C_LANGUAGE_STANDARD = gnu11;
				GCC_DYNAMIC_NO_PIC = NO;
				GCC_NO_COMMON_BLOCKS = YES;
				GCC_OPTIMIZATION_LEVEL = 0;
				GCC_PREPROCESSOR_DEFINITIONS = (
					"DEBUG=1",
					"$(inherited)",
				);
				GCC_WARN_64_TO_32_BIT_CONVERSION = YES;
				GCC_WARN_ABOUT_RETURN_TYPE = YES_ERROR;
				GCC_WARN_UNDECLARED_SELECTOR = YES;
				GCC_WARN_UNINITIALIZED_AUTOS = YES_AGGRESSIVE;
				GCC_WARN_UNUSED_FUNCTION = YES;
				GCC_WARN_UNUSED_VARIABLE = YES;
				IPHONEOS_DEPLOYMENT_TARGET = 16.4;
				MTL_ENABLE_DEBUG_INFO = INCLUDE_SOURCE;
				MTL_FAST_MATH = YES;
				ONLY_ACTIVE_ARCH = YES;
				SDKROOT = iphoneos;
				SWIFT_ACTIVE_COMPILATION_CONDITIONS = DEBUG;
				SWIFT_OPTIMIZATION_LEVEL = "-Onone";
			};
			name = Debug;
		};
		DC542FB42A987DF6007CD791 /* Release */ = {
			isa = XCBuildConfiguration;
			buildSettings = {
				ALWAYS_SEARCH_USER_PATHS = NO;
				CLANG_ANALYZER_NONNULL = YES;
				CLANG_ANALYZER_NUMBER_OBJECT_CONVERSION = YES_AGGRESSIVE;
				CLANG_CXX_LANGUAGE_STANDARD = "gnu++20";
				CLANG_ENABLE_MODULES = YES;
				CLANG_ENABLE_OBJC_ARC = YES;
				CLANG_ENABLE_OBJC_WEAK = YES;
				CLANG_WARN_BLOCK_CAPTURE_AUTORELEASING = YES;
				CLANG_WARN_BOOL_CONVERSION = YES;
				CLANG_WARN_COMMA = YES;
				CLANG_WARN_CONSTANT_CONVERSION = YES;
				CLANG_WARN_DEPRECATED_OBJC_IMPLEMENTATIONS = YES;
				CLANG_WARN_DIRECT_OBJC_ISA_USAGE = YES_ERROR;
				CLANG_WARN_DOCUMENTATION_COMMENTS = YES;
				CLANG_WARN_EMPTY_BODY = YES;
				CLANG_WARN_ENUM_CONVERSION = YES;
				CLANG_WARN_INFINITE_RECURSION = YES;
				CLANG_WARN_INT_CONVERSION = YES;
				CLANG_WARN_NON_LITERAL_NULL_CONVERSION = YES;
				CLANG_WARN_OBJC_IMPLICIT_RETAIN_SELF = YES;
				CLANG_WARN_OBJC_LITERAL_CONVERSION = YES;
				CLANG_WARN_OBJC_ROOT_CLASS = YES_ERROR;
				CLANG_WARN_QUOTED_INCLUDE_IN_FRAMEWORK_HEADER = YES;
				CLANG_WARN_RANGE_LOOP_ANALYSIS = YES;
				CLANG_WARN_STRICT_PROTOTYPES = YES;
				CLANG_WARN_SUSPICIOUS_MOVE = YES;
				CLANG_WARN_UNGUARDED_AVAILABILITY = YES_AGGRESSIVE;
				CLANG_WARN_UNREACHABLE_CODE = YES;
				CLANG_WARN__DUPLICATE_METHOD_MATCH = YES;
				COPY_PHASE_STRIP = NO;
				DEBUG_INFORMATION_FORMAT = "dwarf-with-dsym";
				ENABLE_NS_ASSERTIONS = NO;
				ENABLE_STRICT_OBJC_MSGSEND = YES;
				GCC_C_LANGUAGE_STANDARD = gnu11;
				GCC_NO_COMMON_BLOCKS = YES;
				GCC_WARN_64_TO_32_BIT_CONVERSION = YES;
				GCC_WARN_ABOUT_RETURN_TYPE = YES_ERROR;
				GCC_WARN_UNDECLARED_SELECTOR = YES;
				GCC_WARN_UNINITIALIZED_AUTOS = YES_AGGRESSIVE;
				GCC_WARN_UNUSED_FUNCTION = YES;
				GCC_WARN_UNUSED_VARIABLE = YES;
				IPHONEOS_DEPLOYMENT_TARGET = 16.4;
				MTL_ENABLE_DEBUG_INFO = NO;
				MTL_FAST_MATH = YES;
				SDKROOT = iphoneos;
				SWIFT_COMPILATION_MODE = wholemodule;
				SWIFT_OPTIMIZATION_LEVEL = "-O";
				VALIDATE_PRODUCT = YES;
			};
			name = Release;
		};
		DC542FB62A987DF6007CD791 /* Debug */ = {
			isa = XCBuildConfiguration;
			buildSettings = {
				ASSETCATALOG_COMPILER_APPICON_NAME = AppIcon;
				ASSETCATALOG_COMPILER_GLOBAL_ACCENT_COLOR_NAME = AccentColor;
				CODE_SIGN_STYLE = Automatic;
				CURRENT_PROJECT_VERSION = 1;
				DEVELOPMENT_ASSET_PATHS = "\"prework/Preview Content\"";
				ENABLE_PREVIEWS = YES;
				GENERATE_INFOPLIST_FILE = YES;
				INFOPLIST_KEY_UIApplicationSceneManifest_Generation = YES;
				INFOPLIST_KEY_UIApplicationSupportsIndirectInputEvents = YES;
				INFOPLIST_KEY_UILaunchScreen_Generation = YES;
				INFOPLIST_KEY_UISupportedInterfaceOrientations_iPad = "UIInterfaceOrientationPortrait UIInterfaceOrientationPortraitUpsideDown UIInterfaceOrientationLandscapeLeft UIInterfaceOrientationLandscapeRight";
				INFOPLIST_KEY_UISupportedInterfaceOrientations_iPhone = "UIInterfaceOrientationPortrait UIInterfaceOrientationLandscapeLeft UIInterfaceOrientationLandscapeRight";
				LD_RUNPATH_SEARCH_PATHS = (
					"$(inherited)",
					"@executable_path/Frameworks",
				);
				MARKETING_VERSION = 1.0;
				PRODUCT_BUNDLE_IDENTIFIER = stella.prework;
				PRODUCT_NAME = "$(TARGET_NAME)";
				SWIFT_EMIT_LOC_STRINGS = YES;
				SWIFT_VERSION = 5.0;
				TARGETED_DEVICE_FAMILY = "1,2";
			};
			name = Debug;
		};
		DC542FB72A987DF6007CD791 /* Release */ = {
			isa = XCBuildConfiguration;
			buildSettings = {
				ASSETCATALOG_COMPILER_APPICON_NAME = AppIcon;
				ASSETCATALOG_COMPILER_GLOBAL_ACCENT_COLOR_NAME = AccentColor;
				CODE_SIGN_STYLE = Automatic;
				CURRENT_PROJECT_VERSION = 1;
				DEVELOPMENT_ASSET_PATHS = "\"prework/Preview Content\"";
				ENABLE_PREVIEWS = YES;
				GENERATE_INFOPLIST_FILE = YES;
				INFOPLIST_KEY_UIApplicationSceneManifest_Generation = YES;
				INFOPLIST_KEY_UIApplicationSupportsIndirectInputEvents = YES;
				INFOPLIST_KEY_UILaunchScreen_Generation = YES;
				INFOPLIST_KEY_UISupportedInterfaceOrientations_iPad = "UIInterfaceOrientationPortrait UIInterfaceOrientationPortraitUpsideDown UIInterfaceOrientationLandscapeLeft UIInterfaceOrientationLandscapeRight";
				INFOPLIST_KEY_UISupportedInterfaceOrientations_iPhone = "UIInterfaceOrientationPortrait UIInterfaceOrientationLandscapeLeft UIInterfaceOrientationLandscapeRight";
				LD_RUNPATH_SEARCH_PATHS = (
					"$(inherited)",
					"@executable_path/Frameworks",
				);
				MARKETING_VERSION = 1.0;
				PRODUCT_BUNDLE_IDENTIFIER = stella.prework;
				PRODUCT_NAME = "$(TARGET_NAME)";
				SWIFT_EMIT_LOC_STRINGS = YES;
				SWIFT_VERSION = 5.0;
				TARGETED_DEVICE_FAMILY = "1,2";
			};
			name = Release;
		};
		DC542FB92A987DF6007CD791 /* Debug */ = {
			isa = XCBuildConfiguration;
			buildSettings = {
				ALWAYS_EMBED_SWIFT_STANDARD_LIBRARIES = YES;
				BUNDLE_LOADER = "$(TEST_HOST)";
				CODE_SIGN_STYLE = Automatic;
				CURRENT_PROJECT_VERSION = 1;
				GENERATE_INFOPLIST_FILE = YES;
				IPHONEOS_DEPLOYMENT_TARGET = 16.4;
				MARKETING_VERSION = 1.0;
				PRODUCT_BUNDLE_IDENTIFIER = stella.preworkTests;
				PRODUCT_NAME = "$(TARGET_NAME)";
				SWIFT_EMIT_LOC_STRINGS = NO;
				SWIFT_VERSION = 5.0;
				TARGETED_DEVICE_FAMILY = "1,2";
				TEST_HOST = "$(BUILT_PRODUCTS_DIR)/prework.app/$(BUNDLE_EXECUTABLE_FOLDER_PATH)/prework";
			};
			name = Debug;
		};
		DC542FBA2A987DF6007CD791 /* Release */ = {
			isa = XCBuildConfiguration;
			buildSettings = {
				ALWAYS_EMBED_SWIFT_STANDARD_LIBRARIES = YES;
				BUNDLE_LOADER = "$(TEST_HOST)";
				CODE_SIGN_STYLE = Automatic;
				CURRENT_PROJECT_VERSION = 1;
				GENERATE_INFOPLIST_FILE = YES;
				IPHONEOS_DEPLOYMENT_TARGET = 16.4;
				MARKETING_VERSION = 1.0;
				PRODUCT_BUNDLE_IDENTIFIER = stella.preworkTests;
				PRODUCT_NAME = "$(TARGET_NAME)";
				SWIFT_EMIT_LOC_STRINGS = NO;
				SWIFT_VERSION = 5.0;
				TARGETED_DEVICE_FAMILY = "1,2";
				TEST_HOST = "$(BUILT_PRODUCTS_DIR)/prework.app/$(BUNDLE_EXECUTABLE_FOLDER_PATH)/prework";
			};
			name = Release;
		};
		DC542FBC2A987DF6007CD791 /* Debug */ = {
			isa = XCBuildConfiguration;
			buildSettings = {
				ALWAYS_EMBED_SWIFT_STANDARD_LIBRARIES = YES;
				CODE_SIGN_STYLE = Automatic;
				CURRENT_PROJECT_VERSION = 1;
				GENERATE_INFOPLIST_FILE = YES;
				MARKETING_VERSION = 1.0;
				PRODUCT_BUNDLE_IDENTIFIER = stella.preworkUITests;
				PRODUCT_NAME = "$(TARGET_NAME)";
				SWIFT_EMIT_LOC_STRINGS = NO;
				SWIFT_VERSION = 5.0;
				TARGETED_DEVICE_FAMILY = "1,2";
				TEST_TARGET_NAME = prework;
			};
			name = Debug;
		};
		DC542FBD2A987DF6007CD791 /* Release */ = {
			isa = XCBuildConfiguration;
			buildSettings = {
				ALWAYS_EMBED_SWIFT_STANDARD_LIBRARIES = YES;
				CODE_SIGN_STYLE = Automatic;
				CURRENT_PROJECT_VERSION = 1;
				GENERATE_INFOPLIST_FILE = YES;
				MARKETING_VERSION = 1.0;
				PRODUCT_BUNDLE_IDENTIFIER = stella.preworkUITests;
				PRODUCT_NAME = "$(TARGET_NAME)";
				SWIFT_EMIT_LOC_STRINGS = NO;
				SWIFT_VERSION = 5.0;
				TARGETED_DEVICE_FAMILY = "1,2";
				TEST_TARGET_NAME = prework;
			};
			name = Release;
		};
/* End XCBuildConfiguration section */

/* Begin XCConfigurationList section */
		DC542F8C2A987DF3007CD791 /* Build configuration list for PBXProject "prework" */ = {
			isa = XCConfigurationList;
			buildConfigurations = (
				DC542FB32A987DF6007CD791 /* Debug */,
				DC542FB42A987DF6007CD791 /* Release */,
			);
			defaultConfigurationIsVisible = 0;
			defaultConfigurationName = Release;
		};
		DC542FB52A987DF6007CD791 /* Build configuration list for PBXNativeTarget "prework" */ = {
			isa = XCConfigurationList;
			buildConfigurations = (
				DC542FB62A987DF6007CD791 /* Debug */,
				DC542FB72A987DF6007CD791 /* Release */,
			);
			defaultConfigurationIsVisible = 0;
			defaultConfigurationName = Release;
		};
		DC542FB82A987DF6007CD791 /* Build configuration list for PBXNativeTarget "preworkTests" */ = {
			isa = XCConfigurationList;
			buildConfigurations = (
				DC542FB92A987DF6007CD791 /* Debug */,
				DC542FBA2A987DF6007CD791 /* Release */,
			);
			defaultConfigurationIsVisible = 0;
			defaultConfigurationName = Release;
		};
		DC542FBB2A987DF6007CD791 /* Build configuration list for PBXNativeTarget "preworkUITests" */ = {
			isa = XCConfigurationList;
			buildConfigurations = (
				DC542FBC2A987DF6007CD791 /* Debug */,
				DC542FBD2A987DF6007CD791 /* Release */,
			);
			defaultConfigurationIsVisible = 0;
			defaultConfigurationName = Release;
		};
/* End XCConfigurationList section */
	};
	rootObject = DC542F892A987DF3007CD791 /* Project object */;
}
